
Microsoft Visual Studio Solution File, Format Version 12.00
# Visual Studio Version 17
VisualStudioVersion = 17.4.33205.214
MinimumVisualStudioVersion = 10.0.40219.1
Project("{9A19103F-16F7-4668-BE54-9A1E7A4F7556}") = "API.APIStarterKit", "API.APIStarterKit\API.APIStarterKit.csproj", "{8669F076-4692-4ECA-B19D-171BC8F04E3E}"
EndProject
Project("{9A19103F-16F7-4668-BE54-9A1E7A4F7556}") = "Core.Data", "Core.Data\Core.Data.csproj", "{2D947A13-A89D-4784-9A64-9469D3A6C3C0}"
EndProject
Project("{9A19103F-16F7-4668-BE54-9A1E7A4F7556}") = "UserMSDev", "UserMSDev\UserMSDev.csproj", "{B3E285D4-7973-47BD-90FE-58D55485D603}"
EndProject
Global
	GlobalSection(SolutionConfigurationPlatforms) = preSolution
		Debug|Any CPU = Debug|Any CPU
		Release|Any CPU = Release|Any CPU
	EndGlobalSection
	GlobalSection(ProjectConfigurationPlatforms) = postSolution
		{8669F076-4692-4ECA-B19D-171BC8F04E3E}.Debug|Any CPU.ActiveCfg = Debug|Any CPU
		{8669F076-4692-4ECA-B19D-171BC8F04E3E}.Debug|Any CPU.Build.0 = Debug|Any CPU
		{8669F076-4692-4ECA-B19D-171BC8F04E3E}.Release|Any CPU.ActiveCfg = Release|Any CPU
		{8669F076-4692-4ECA-B19D-171BC8F04E3E}.Release|Any CPU.Build.0 = Release|Any CPU
		{2D947A13-A89D-4784-9A64-9469D3A6C3C0}.Debug|Any CPU.ActiveCfg = Debug|Any CPU
		{2D947A13-A89D-4784-9A64-9469D3A6C3C0}.Debug|Any CPU.Build.0 = Debug|Any CPU
		{2D947A13-A89D-4784-9A64-9469D3A6C3C0}.Release|Any CPU.ActiveCfg = Release|Any CPU
		{2D947A13-A89D-4784-9A64-9469D3A6C3C0}.Release|Any CPU.Build.0 = Release|Any CPU
		{B3E285D4-7973-47BD-90FE-58D55485D603}.Debug|Any CPU.ActiveCfg = Debug|Any CPU
		{B3E285D4-7973-47BD-90FE-58D55485D603}.Debug|Any CPU.Build.0 = Debug|Any CPU
		{B3E285D4-7973-47BD-90FE-58D55485D603}.Release|Any CPU.ActiveCfg = Release|Any CPU
		{B3E285D4-7973-47BD-90FE-58D55485D603}.Release|Any CPU.Build.0 = Release|Any CPU
	EndGlobalSection
	GlobalSection(SolutionProperties) = preSolution
		HideSolutionNode = FALSE
	EndGlobalSection
	GlobalSection(ExtensibilityGlobals) = postSolution
		SolutionGuid = {E1CA3256-E012-4D7D-8492-8FFA34EC31BD}
	EndGlobalSection
EndGlobal
